
Microsoft Visual Studio Solution File, Format Version 12.00
# Visual Studio Version 16
VisualStudioVersion = 16.0.29613.14
MinimumVisualStudioVersion = 10.0.40219.1
Project("{FAE04EC0-301F-11D3-BF4B-00C04F79EFBC}") = "GROUP2_LAB3", "GROUP2_LAB3\GROUP2_LAB3.csproj", "{8BCBB59B-04BB-4317-987C-30F552B005EC}"
EndProject
Global
	GlobalSection(SolutionConfigurationPlatforms) = preSolution
		Debug|Any CPU = Debug|Any CPU
		Release|Any CPU = Release|Any CPU
	EndGlobalSection
	GlobalSection(ProjectConfigurationPlatforms) = postSolution
		{8BCBB59B-04BB-4317-987C-30F552B005EC}.Debug|Any CPU.ActiveCfg = Debug|Any CPU
		{8BCBB59B-04BB-4317-987C-30F552B005EC}.Debug|Any CPU.Build.0 = Debug|Any CPU
		{8BCBB59B-04BB-4317-987C-30F552B005EC}.Release|Any CPU.ActiveCfg = Release|Any CPU
		{8BCBB59B-04BB-4317-987C-30F552B005EC}.Release|Any CPU.Build.0 = Release|Any CPU
	EndGlobalSection
	GlobalSection(SolutionProperties) = preSolution
		HideSolutionNode = FALSE
	EndGlobalSection
	GlobalSection(ExtensibilityGlobals) = postSolution
		SolutionGuid = {8B45F760-F4CD-4DF2-8319-D4A7270F43E7}
	EndGlobalSection
EndGlobal
