
Microsoft Visual Studio Solution File, Format Version 12.00
# Visual Studio Version 16
VisualStudioVersion = 16.0.29613.14
MinimumVisualStudioVersion = 10.0.40219.1
Project("{FAE04EC0-301F-11D3-BF4B-00C04F79EFBC}") = "Group2_Project", "Group2_Project\Group2_Project.csproj", "{C8E6E2F6-57D6-4C42-8F36-CFC38BE5C48B}"
EndProject
Global
	GlobalSection(SolutionConfigurationPlatforms) = preSolution
		Debug|Any CPU = Debug|Any CPU
		Release|Any CPU = Release|Any CPU
	EndGlobalSection
	GlobalSection(ProjectConfigurationPlatforms) = postSolution
		{C8E6E2F6-57D6-4C42-8F36-CFC38BE5C48B}.Debug|Any CPU.ActiveCfg = Debug|Any CPU
		{C8E6E2F6-57D6-4C42-8F36-CFC38BE5C48B}.Debug|Any CPU.Build.0 = Debug|Any CPU
		{C8E6E2F6-57D6-4C42-8F36-CFC38BE5C48B}.Release|Any CPU.ActiveCfg = Release|Any CPU
		{C8E6E2F6-57D6-4C42-8F36-CFC38BE5C48B}.Release|Any CPU.Build.0 = Release|Any CPU
	EndGlobalSection
	GlobalSection(SolutionProperties) = preSolution
		HideSolutionNode = FALSE
	EndGlobalSection
	GlobalSection(ExtensibilityGlobals) = postSolution
		SolutionGuid = {1A4ACA12-124B-418C-96FA-565A35684FA4}
	EndGlobalSection
EndGlobal
