
Microsoft Visual Studio Solution File, Format Version 12.00
# Visual Studio Version 16
VisualStudioVersion = 16.0.29613.14
MinimumVisualStudioVersion = 10.0.40219.1
Project("{FAE04EC0-301F-11D3-BF4B-00C04F79EFBC}") = "Group2_Lab4", "Group2_Lab4\Group2_Lab4.csproj", "{C036A62A-AD87-41AC-83B9-3C96B7EDC7CF}"
EndProject
Global
	GlobalSection(SolutionConfigurationPlatforms) = preSolution
		Debug|Any CPU = Debug|Any CPU
		Release|Any CPU = Release|Any CPU
	EndGlobalSection
	GlobalSection(ProjectConfigurationPlatforms) = postSolution
		{C036A62A-AD87-41AC-83B9-3C96B7EDC7CF}.Debug|Any CPU.ActiveCfg = Debug|Any CPU
		{C036A62A-AD87-41AC-83B9-3C96B7EDC7CF}.Debug|Any CPU.Build.0 = Debug|Any CPU
		{C036A62A-AD87-41AC-83B9-3C96B7EDC7CF}.Release|Any CPU.ActiveCfg = Release|Any CPU
		{C036A62A-AD87-41AC-83B9-3C96B7EDC7CF}.Release|Any CPU.Build.0 = Release|Any CPU
	EndGlobalSection
	GlobalSection(SolutionProperties) = preSolution
		HideSolutionNode = FALSE
	EndGlobalSection
	GlobalSection(ExtensibilityGlobals) = postSolution
		SolutionGuid = {022F7E82-FE37-42DC-9285-FE5410D20D4A}
	EndGlobalSection
EndGlobal
